
Microsoft Visual Studio Solution File, Format Version 12.00
# Visual Studio 15
VisualStudioVersion = 15.0.27703.2026
MinimumVisualStudioVersion = 10.0.40219.1
Project("{FAE04EC0-301F-11D3-BF4B-00C04F79EFBC}") = "Certificacion", "Certificacion\Certificacion.csproj", "{3AFDCD73-9A85-4D58-A99A-F6A990245134}"
EndProject
Global
	GlobalSection(SolutionConfigurationPlatforms) = preSolution
		Debug|Any CPU = Debug|Any CPU
		Release|Any CPU = Release|Any CPU
	EndGlobalSection
	GlobalSection(ProjectConfigurationPlatforms) = postSolution
		{3AFDCD73-9A85-4D58-A99A-F6A990245134}.Debug|Any CPU.ActiveCfg = Debug|Any CPU
		{3AFDCD73-9A85-4D58-A99A-F6A990245134}.Debug|Any CPU.Build.0 = Debug|Any CPU
		{3AFDCD73-9A85-4D58-A99A-F6A990245134}.Release|Any CPU.ActiveCfg = Release|Any CPU
		{3AFDCD73-9A85-4D58-A99A-F6A990245134}.Release|Any CPU.Build.0 = Release|Any CPU
	EndGlobalSection
	GlobalSection(SolutionProperties) = preSolution
		HideSolutionNode = FALSE
	EndGlobalSection
	GlobalSection(ExtensibilityGlobals) = postSolution
		SolutionGuid = {C98BBA2E-025C-495E-AD80-CBBA5F9CA2F3}
	EndGlobalSection
	GlobalSection(TeamFoundationVersionControl) = preSolution
		SccNumberOfProjects = 2
		SccEnterpriseProvider = {4CA58AB2-18FA-4F8D-95D4-32DDF27D184C}
		SccTeamFoundationServer = http://tfs.sv.cass.int:8080/tfs/cass%20services%202
		SccLocalPath0 = .
		SccProjectUniqueName1 = Certificacion\\Certificacion.csproj
		SccProjectName1 = Certificacion
		SccLocalPath1 = Certificacion
	EndGlobalSection
EndGlobal
